
Microsoft Visual Studio Solution File, Format Version 12.00
# Visual Studio Version 16
VisualStudioVersion = 16.0.31727.386
MinimumVisualStudioVersion = 10.0.40219.1
Project("{9A19103F-16F7-4668-BE54-9A1E7A4F7556}") = "BlazorDemoUi", "BlazorDemoUi\BlazorDemoUi.csproj", "{3CD65F2D-EF2C-4F67-9C28-C794AD46B063}"
EndProject
Project("{9A19103F-16F7-4668-BE54-9A1E7A4F7556}") = "DataAccess", "DataAccess\DataAccess.csproj", "{8C7D6A00-C42A-4A4F-A44D-4844A3F07D8A}"
EndProject
Global
	GlobalSection(SolutionConfigurationPlatforms) = preSolution
		Debug|Any CPU = Debug|Any CPU
		Release|Any CPU = Release|Any CPU
	EndGlobalSection
	GlobalSection(ProjectConfigurationPlatforms) = postSolution
		{3CD65F2D-EF2C-4F67-9C28-C794AD46B063}.Debug|Any CPU.ActiveCfg = Debug|Any CPU
		{3CD65F2D-EF2C-4F67-9C28-C794AD46B063}.Debug|Any CPU.Build.0 = Debug|Any CPU
		{3CD65F2D-EF2C-4F67-9C28-C794AD46B063}.Release|Any CPU.ActiveCfg = Release|Any CPU
		{3CD65F2D-EF2C-4F67-9C28-C794AD46B063}.Release|Any CPU.Build.0 = Release|Any CPU
		{8C7D6A00-C42A-4A4F-A44D-4844A3F07D8A}.Debug|Any CPU.ActiveCfg = Debug|Any CPU
		{8C7D6A00-C42A-4A4F-A44D-4844A3F07D8A}.Debug|Any CPU.Build.0 = Debug|Any CPU
		{8C7D6A00-C42A-4A4F-A44D-4844A3F07D8A}.Release|Any CPU.ActiveCfg = Release|Any CPU
		{8C7D6A00-C42A-4A4F-A44D-4844A3F07D8A}.Release|Any CPU.Build.0 = Release|Any CPU
	EndGlobalSection
	GlobalSection(SolutionProperties) = preSolution
		HideSolutionNode = FALSE
	EndGlobalSection
	GlobalSection(ExtensibilityGlobals) = postSolution
		SolutionGuid = {B6611215-DA05-402F-B599-E4ABA135B8B2}
	EndGlobalSection
EndGlobal
